
Microsoft Visual Studio Solution File, Format Version 11.00
# Visual Studio 2010
Project("{FAE04EC0-301F-11D3-BF4B-00C04F79EFBC}") = "MvcApplication1", "MvcApplication1\MvcApplication1.csproj", "{87EDF424-99DA-4FCD-A62A-DE3CAF2C8018}"
EndProject
Project("{FAE04EC0-301F-11D3-BF4B-00C04F79EFBC}") = "MvcApplication1.Tests", "MvcApplication1.Tests\MvcApplication1.Tests.csproj", "{8ECDC992-1E11-4368-BDAC-606C37FBA0C7}"
EndProject
Global
	GlobalSection(SolutionConfigurationPlatforms) = preSolution
		Debug|Any CPU = Debug|Any CPU
		Release|Any CPU = Release|Any CPU
	EndGlobalSection
	GlobalSection(ProjectConfigurationPlatforms) = postSolution
		{87EDF424-99DA-4FCD-A62A-DE3CAF2C8018}.Debug|Any CPU.ActiveCfg = Debug|Any CPU
		{87EDF424-99DA-4FCD-A62A-DE3CAF2C8018}.Debug|Any CPU.Build.0 = Debug|Any CPU
		{87EDF424-99DA-4FCD-A62A-DE3CAF2C8018}.Release|Any CPU.ActiveCfg = Release|Any CPU
		{87EDF424-99DA-4FCD-A62A-DE3CAF2C8018}.Release|Any CPU.Build.0 = Release|Any CPU
		{8ECDC992-1E11-4368-BDAC-606C37FBA0C7}.Debug|Any CPU.ActiveCfg = Debug|Any CPU
		{8ECDC992-1E11-4368-BDAC-606C37FBA0C7}.Debug|Any CPU.Build.0 = Debug|Any CPU
		{8ECDC992-1E11-4368-BDAC-606C37FBA0C7}.Release|Any CPU.ActiveCfg = Release|Any CPU
		{8ECDC992-1E11-4368-BDAC-606C37FBA0C7}.Release|Any CPU.Build.0 = Release|Any CPU
	EndGlobalSection
	GlobalSection(SolutionProperties) = preSolution
		HideSolutionNode = FALSE
	EndGlobalSection
EndGlobal
